
Microsoft Visual Studio Solution File, Format Version 12.00
# Visual Studio Version 17
VisualStudioVersion = 17.3.32505.426
MinimumVisualStudioVersion = 10.0.40219.1
Project("{8BC9CEB8-8B4A-11D0-8D11-00A0C91BC942}") = "FFmpegInteropX", "Source\FFmpegInteropX.vcxproj", "{9CFA3B3E-B7AF-4629-84E2-C962C5B046B1}"
EndProject
Global
	GlobalSection(SolutionConfigurationPlatforms) = preSolution
		Debug_WinUI|Any CPU = Debug_WinUI|Any CPU
		Debug_WinUI|ARM = Debug_WinUI|ARM
		Debug_WinUI|ARM64 = Debug_WinUI|ARM64
		Debug_WinUI|x64 = Debug_WinUI|x64
		Debug_WinUI|x86 = Debug_WinUI|x86
		Debug|Any CPU = Debug|Any CPU
		Debug|ARM = Debug|ARM
		Debug|ARM64 = Debug|ARM64
		Debug|x64 = Debug|x64
		Debug|x86 = Debug|x86
		Release_WinUI|Any CPU = Release_WinUI|Any CPU
		Release_WinUI|ARM = Release_WinUI|ARM
		Release_WinUI|ARM64 = Release_WinUI|ARM64
		Release_WinUI|x64 = Release_WinUI|x64
		Release_WinUI|x86 = Release_WinUI|x86
		Release|Any CPU = Release|Any CPU
		Release|ARM = Release|ARM
		Release|ARM64 = Release|ARM64
		Release|x64 = Release|x64
		Release|x86 = Release|x86
	EndGlobalSection
	GlobalSection(ProjectConfigurationPlatforms) = postSolution
		{9CFA3B3E-B7AF-4629-84E2-C962C5B046B1}.Debug_WinUI|Any CPU.ActiveCfg = Debug_WinUI|x64
		{9CFA3B3E-B7AF-4629-84E2-C962C5B046B1}.Debug_WinUI|Any CPU.Build.0 = Debug_WinUI|x64
		{9CFA3B3E-B7AF-4629-84E2-C962C5B046B1}.Debug_WinUI|ARM.ActiveCfg = Debug_WinUI|ARM
		{9CFA3B3E-B7AF-4629-84E2-C962C5B046B1}.Debug_WinUI|ARM.Build.0 = Debug_WinUI|ARM
		{9CFA3B3E-B7AF-4629-84E2-C962C5B046B1}.Debug_WinUI|ARM64.ActiveCfg = Debug_WinUI|ARM64
		{9CFA3B3E-B7AF-4629-84E2-C962C5B046B1}.Debug_WinUI|ARM64.Build.0 = Debug_WinUI|ARM64
		{9CFA3B3E-B7AF-4629-84E2-C962C5B046B1}.Debug_WinUI|x64.ActiveCfg = Debug_WinUI|x64
		{9CFA3B3E-B7AF-4629-84E2-C962C5B046B1}.Debug_WinUI|x64.Build.0 = Debug_WinUI|x64
		{9CFA3B3E-B7AF-4629-84E2-C962C5B046B1}.Debug_WinUI|x86.ActiveCfg = Debug_WinUI|Win32
		{9CFA3B3E-B7AF-4629-84E2-C962C5B046B1}.Debug_WinUI|x86.Build.0 = Debug_WinUI|Win32
		{9CFA3B3E-B7AF-4629-84E2-C962C5B046B1}.Debug|Any CPU.ActiveCfg = Debug|x64
		{9CFA3B3E-B7AF-4629-84E2-C962C5B046B1}.Debug|Any CPU.Build.0 = Debug|x64
		{9CFA3B3E-B7AF-4629-84E2-C962C5B046B1}.Debug|ARM.ActiveCfg = Debug|ARM
		{9CFA3B3E-B7AF-4629-84E2-C962C5B046B1}.Debug|ARM.Build.0 = Debug|ARM
		{9CFA3B3E-B7AF-4629-84E2-C962C5B046B1}.Debug|ARM64.ActiveCfg = Debug|ARM64
		{9CFA3B3E-B7AF-4629-84E2-C962C5B046B1}.Debug|ARM64.Build.0 = Debug|ARM64
		{9CFA3B3E-B7AF-4629-84E2-C962C5B046B1}.Debug|x64.ActiveCfg = Debug|x64
		{9CFA3B3E-B7AF-4629-84E2-C962C5B046B1}.Debug|x64.Build.0 = Debug|x64
		{9CFA3B3E-B7AF-4629-84E2-C962C5B046B1}.Debug|x86.ActiveCfg = Debug|Win32
		{9CFA3B3E-B7AF-4629-84E2-C962C5B046B1}.Debug|x86.Build.0 = Debug|Win32
		{9CFA3B3E-B7AF-4629-84E2-C962C5B046B1}.Release_WinUI|Any CPU.ActiveCfg = Release_WinUI|x64
		{9CFA3B3E-B7AF-4629-84E2-C962C5B046B1}.Release_WinUI|Any CPU.Build.0 = Release_WinUI|x64
		{9CFA3B3E-B7AF-4629-84E2-C962C5B046B1}.Release_WinUI|ARM.ActiveCfg = Release_WinUI|ARM
		{9CFA3B3E-B7AF-4629-84E2-C962C5B046B1}.Release_WinUI|ARM.Build.0 = Release_WinUI|ARM
		{9CFA3B3E-B7AF-4629-84E2-C962C5B046B1}.Release_WinUI|ARM64.ActiveCfg = Release_WinUI|ARM64
		{9CFA3B3E-B7AF-4629-84E2-C962C5B046B1}.Release_WinUI|ARM64.Build.0 = Release_WinUI|ARM64
		{9CFA3B3E-B7AF-4629-84E2-C962C5B046B1}.Release_WinUI|x64.ActiveCfg = Release_WinUI|x64
		{9CFA3B3E-B7AF-4629-84E2-C962C5B046B1}.Release_WinUI|x64.Build.0 = Release_WinUI|x64
		{9CFA3B3E-B7AF-4629-84E2-C962C5B046B1}.Release_WinUI|x86.ActiveCfg = Release_WinUI|Win32
		{9CFA3B3E-B7AF-4629-84E2-C962C5B046B1}.Release_WinUI|x86.Build.0 = Release_WinUI|Win32
		{9CFA3B3E-B7AF-4629-84E2-C962C5B046B1}.Release|Any CPU.ActiveCfg = Release|x64
		{9CFA3B3E-B7AF-4629-84E2-C962C5B046B1}.Release|Any CPU.Build.0 = Release|x64
		{9CFA3B3E-B7AF-4629-84E2-C962C5B046B1}.Release|ARM.ActiveCfg = Release|ARM
		{9CFA3B3E-B7AF-4629-84E2-C962C5B046B1}.Release|ARM.Build.0 = Release|ARM
		{9CFA3B3E-B7AF-4629-84E2-C962C5B046B1}.Release|ARM64.ActiveCfg = Release|ARM64
		{9CFA3B3E-B7AF-4629-84E2-C962C5B046B1}.Release|ARM64.Build.0 = Release|ARM64
		{9CFA3B3E-B7AF-4629-84E2-C962C5B046B1}.Release|x64.ActiveCfg = Debug|x64
		{9CFA3B3E-B7AF-4629-84E2-C962C5B046B1}.Release|x64.Build.0 = Debug|x64
		{9CFA3B3E-B7AF-4629-84E2-C962C5B046B1}.Release|x86.ActiveCfg = Release|Win32
		{9CFA3B3E-B7AF-4629-84E2-C962C5B046B1}.Release|x86.Build.0 = Release|Win32
	EndGlobalSection
	GlobalSection(SolutionProperties) = preSolution
		HideSolutionNode = FALSE
	EndGlobalSection
	GlobalSection(ExtensibilityGlobals) = postSolution
		SolutionGuid = {ED9B6902-DA86-4E18-9949-3E4B5338E7B8}
	EndGlobalSection
EndGlobal
